
Microsoft Visual Studio Solution File, Format Version 12.00
# Visual Studio Version 17
VisualStudioVersion = 17.9.34607.119
MinimumVisualStudioVersion = 10.0.40219.1
Project("{2150E333-8FDC-42A3-9474-1A3956D46DE8}") = "src", "src", "{8CB441F2-9044-4638-8E03-953D4237A284}"
EndProject
Project("{2150E333-8FDC-42A3-9474-1A3956D46DE8}") = "test", "test", "{EBBFE7A8-F97A-4435-B016-8BE97A4A23BB}"
EndProject
Project("{2150E333-8FDC-42A3-9474-1A3956D46DE8}") = "Solution Items", "Solution Items", "{8A0E7CF2-93BB-43C0-91B5-0BD00B90E550}"
	ProjectSection(SolutionItems) = preProject
		.dockerignore = .dockerignore
		.gitignore = .gitignore
		azure-pipelines.yml = azure-pipelines.yml
		LICENSE = LICENSE
		README.md = README.md
	EndProjectSection
EndProject
Project("{9A19103F-16F7-4668-BE54-9A1E7A4F7556}") = "SportsData.Notification", "src\SportsData.Notification\SportsData.Notification.csproj", "{50C505EF-A058-4582-A795-5C22A4669EC9}"
EndProject
Project("{9A19103F-16F7-4668-BE54-9A1E7A4F7556}") = "SportsData.Notification.Tests.Unit", "test\SportsData.Notification.Tests.Unit\SportsData.Notification.Tests.Unit.csproj", "{D1411D4C-134B-46FF-B650-96D347285C34}"
EndProject
Project("{9A19103F-16F7-4668-BE54-9A1E7A4F7556}") = "SportsData.Notification.Tests.Integration", "test\SportsData.Notification.Tests.Integration\SportsData.Notification.Tests.Integration.csproj", "{CF733B52-C7F1-4E87-B631-2C8CDD52E950}"
EndProject
Global
	GlobalSection(SolutionConfigurationPlatforms) = preSolution
		Debug|Any CPU = Debug|Any CPU
		Release|Any CPU = Release|Any CPU
	EndGlobalSection
	GlobalSection(ProjectConfigurationPlatforms) = postSolution
		{50C505EF-A058-4582-A795-5C22A4669EC9}.Debug|Any CPU.ActiveCfg = Debug|Any CPU
		{50C505EF-A058-4582-A795-5C22A4669EC9}.Debug|Any CPU.Build.0 = Debug|Any CPU
		{50C505EF-A058-4582-A795-5C22A4669EC9}.Release|Any CPU.ActiveCfg = Release|Any CPU
		{50C505EF-A058-4582-A795-5C22A4669EC9}.Release|Any CPU.Build.0 = Release|Any CPU
		{D1411D4C-134B-46FF-B650-96D347285C34}.Debug|Any CPU.ActiveCfg = Debug|Any CPU
		{D1411D4C-134B-46FF-B650-96D347285C34}.Debug|Any CPU.Build.0 = Debug|Any CPU
		{D1411D4C-134B-46FF-B650-96D347285C34}.Release|Any CPU.ActiveCfg = Release|Any CPU
		{D1411D4C-134B-46FF-B650-96D347285C34}.Release|Any CPU.Build.0 = Release|Any CPU
		{CF733B52-C7F1-4E87-B631-2C8CDD52E950}.Debug|Any CPU.ActiveCfg = Debug|Any CPU
		{CF733B52-C7F1-4E87-B631-2C8CDD52E950}.Debug|Any CPU.Build.0 = Debug|Any CPU
		{CF733B52-C7F1-4E87-B631-2C8CDD52E950}.Release|Any CPU.ActiveCfg = Release|Any CPU
		{CF733B52-C7F1-4E87-B631-2C8CDD52E950}.Release|Any CPU.Build.0 = Release|Any CPU
	EndGlobalSection
	GlobalSection(SolutionProperties) = preSolution
		HideSolutionNode = FALSE
	EndGlobalSection
	GlobalSection(NestedProjects) = preSolution
		{50C505EF-A058-4582-A795-5C22A4669EC9} = {8CB441F2-9044-4638-8E03-953D4237A284}
		{D1411D4C-134B-46FF-B650-96D347285C34} = {EBBFE7A8-F97A-4435-B016-8BE97A4A23BB}
		{CF733B52-C7F1-4E87-B631-2C8CDD52E950} = {EBBFE7A8-F97A-4435-B016-8BE97A4A23BB}
	EndGlobalSection
	GlobalSection(ExtensibilityGlobals) = postSolution
		SolutionGuid = {7AF2F0E5-F419-47E7-8673-C4F06F61BADD}
	EndGlobalSection
EndGlobal
